// !$*UTF8*$!
{
	archiveVersion = 1;
	classes = {
	};
	objectVersion = 55;
	objects = {

/* Begin PBXBuildFile section */
		7123D6C828E2287500BBA36B /* UIView+ConstraintHelper.swift in Sources */ = {isa = PBXBuildFile; fileRef = 7123D6C728E2287500BBA36B /* UIView+ConstraintHelper.swift */; };
		7123D6CB28E238E800BBA36B /* CustomButton.swift in Sources */ = {isa = PBXBuildFile; fileRef = 7123D6CA28E238E800BBA36B /* CustomButton.swift */; };
		7123D6CF28E2402B00BBA36B /* HomeStrings.strings in Resources */ = {isa = PBXBuildFile; fileRef = 7123D6CE28E2402B00BBA36B /* HomeStrings.strings */; };
		7123D6D128E2408E00BBA36B /* HomeStrings.swift in Sources */ = {isa = PBXBuildFile; fileRef = 7123D6D028E2408E00BBA36B /* HomeStrings.swift */; };
		7123D6D428E241B200BBA36B /* String+Localizable.swift in Sources */ = {isa = PBXBuildFile; fileRef = 7123D6D328E241B200BBA36B /* String+Localizable.swift */; };
		7123D6D828E246FD00BBA36B /* HomeViewModel.swift in Sources */ = {isa = PBXBuildFile; fileRef = 7123D6D728E246FD00BBA36B /* HomeViewModel.swift */; };
		7123D6DB28E2489500BBA36B /* ApiService.swift in Sources */ = {isa = PBXBuildFile; fileRef = 7123D6DA28E2489500BBA36B /* ApiService.swift */; };
		7123D6DD28E2495000BBA36B /* ApiServiceProtocol.swift in Sources */ = {isa = PBXBuildFile; fileRef = 7123D6DC28E2495000BBA36B /* ApiServiceProtocol.swift */; };
		7123D6E228E282F400BBA36B /* Flags.swift in Sources */ = {isa = PBXBuildFile; fileRef = 7123D6E128E282F400BBA36B /* Flags.swift */; };
		7123D6E428E2830E00BBA36B /* Joke.swift in Sources */ = {isa = PBXBuildFile; fileRef = 7123D6E328E2830E00BBA36B /* Joke.swift */; };
		7123D6E628E3250400BBA36B /* NetworkService.swift in Sources */ = {isa = PBXBuildFile; fileRef = 7123D6E528E3250400BBA36B /* NetworkService.swift */; };
		7123D6EA28E32ABE00BBA36B /* RequestError.swift in Sources */ = {isa = PBXBuildFile; fileRef = 7123D6E928E32ABE00BBA36B /* RequestError.swift */; };
		7123D6EC28E32AD600BBA36B /* Result.swift in Sources */ = {isa = PBXBuildFile; fileRef = 7123D6EB28E32AD600BBA36B /* Result.swift */; };
		7123D6EE28E32C4E00BBA36B /* NetworkServiceProtocol.swift in Sources */ = {isa = PBXBuildFile; fileRef = 7123D6ED28E32C4E00BBA36B /* NetworkServiceProtocol.swift */; };
		7123D6F028E37A8800BBA36B /* HttpMethod.swift in Sources */ = {isa = PBXBuildFile; fileRef = 7123D6EF28E37A8800BBA36B /* HttpMethod.swift */; };
		713BE2F728DB4400008B3B8C /* AppDelegate.swift in Sources */ = {isa = PBXBuildFile; fileRef = 713BE2F628DB4400008B3B8C /* AppDelegate.swift */; };
		713BE2F928DB4400008B3B8C /* SceneDelegate.swift in Sources */ = {isa = PBXBuildFile; fileRef = 713BE2F828DB4400008B3B8C /* SceneDelegate.swift */; };
		713BE2FB28DB4400008B3B8C /* HomeViewController.swift in Sources */ = {isa = PBXBuildFile; fileRef = 713BE2FA28DB4400008B3B8C /* HomeViewController.swift */; };
		713BE30028DB4403008B3B8C /* Assets.xcassets in Resources */ = {isa = PBXBuildFile; fileRef = 713BE2FF28DB4403008B3B8C /* Assets.xcassets */; };
		713BE30328DB4403008B3B8C /* LaunchScreen.storyboard in Resources */ = {isa = PBXBuildFile; fileRef = 713BE30128DB4403008B3B8C /* LaunchScreen.storyboard */; };
		713BE31828DB4403008B3B8C /* JokerUITests.swift in Sources */ = {isa = PBXBuildFile; fileRef = 713BE31728DB4403008B3B8C /* JokerUITests.swift */; };
		713BE31A28DB4403008B3B8C /* JokerUITestsLaunchTests.swift in Sources */ = {isa = PBXBuildFile; fileRef = 713BE31928DB4403008B3B8C /* JokerUITestsLaunchTests.swift */; };
		714B9F0528EB1D7800250621 /* ApiServiceMock.swift in Sources */ = {isa = PBXBuildFile; fileRef = 714B9F0428EB1D7800250621 /* ApiServiceMock.swift */; };
		714B9F0728EB1E5F00250621 /* NavigationServiceMock.swift in Sources */ = {isa = PBXBuildFile; fileRef = 714B9F0628EB1E5F00250621 /* NavigationServiceMock.swift */; };
		714B9F0928EB1EBB00250621 /* MessageServiceMock.swift in Sources */ = {isa = PBXBuildFile; fileRef = 714B9F0828EB1EBB00250621 /* MessageServiceMock.swift */; };
		714B9F0B28EB2D3100250621 /* MoreJokesViewModelTests.swift in Sources */ = {isa = PBXBuildFile; fileRef = 714B9F0A28EB2D3100250621 /* MoreJokesViewModelTests.swift */; };
		714B9F0D28EB2D6E00250621 /* HomeViewModelTests.swift in Sources */ = {isa = PBXBuildFile; fileRef = 714B9F0C28EB2D6E00250621 /* HomeViewModelTests.swift */; };
		714B9F1528EB568400250621 /* JokerApiServiceTests.swift in Sources */ = {isa = PBXBuildFile; fileRef = 714B9F1428EB568400250621 /* JokerApiServiceTests.swift */; };
		715DC3F928E39C5C00ABC893 /* MoreJokesViewController.swift in Sources */ = {isa = PBXBuildFile; fileRef = 715DC3F828E39C5C00ABC893 /* MoreJokesViewController.swift */; };
		715DC3FB28E39C6A00ABC893 /* MoreJokesViewModel.swift in Sources */ = {isa = PBXBuildFile; fileRef = 715DC3FA28E39C6A00ABC893 /* MoreJokesViewModel.swift */; };
		715DC3FE28E4792000ABC893 /* Values.swift in Sources */ = {isa = PBXBuildFile; fileRef = 715DC3FD28E4791F00ABC893 /* Values.swift */; };
		715DC40028E47A2500ABC893 /* NavigationService.swift in Sources */ = {isa = PBXBuildFile; fileRef = 715DC3FF28E47A2500ABC893 /* NavigationService.swift */; };
		715DC40228E47A3200ABC893 /* NavigationServiceProtocol.swift in Sources */ = {isa = PBXBuildFile; fileRef = 715DC40128E47A3200ABC893 /* NavigationServiceProtocol.swift */; };
		715DC40428E4C8E300ABC893 /* Colors.swift in Sources */ = {isa = PBXBuildFile; fileRef = 715DC40328E4C8E300ABC893 /* Colors.swift */; };
		715DC40728E4FED800ABC893 /* MoreJokesStrings.strings in Resources */ = {isa = PBXBuildFile; fileRef = 715DC40628E4FED800ABC893 /* MoreJokesStrings.strings */; };
		715DC40928E4FEED00ABC893 /* MoreJokesStrings.swift in Sources */ = {isa = PBXBuildFile; fileRef = 715DC40828E4FEED00ABC893 /* MoreJokesStrings.swift */; };
		715DC40C28E5070F00ABC893 /* MoreJoreTableViewCell.swift in Sources */ = {isa = PBXBuildFile; fileRef = 715DC40B28E5070F00ABC893 /* MoreJoreTableViewCell.swift */; };
		715DC40F28E5251D00ABC893 /* Jokes.swift in Sources */ = {isa = PBXBuildFile; fileRef = 715DC40E28E5251D00ABC893 /* Jokes.swift */; };
		715DC41228E6539A00ABC893 /* Divider.swift in Sources */ = {isa = PBXBuildFile; fileRef = 715DC41128E6539A00ABC893 /* Divider.swift */; };
		715DC41528E6574B00ABC893 /* CustomTableView.swift in Sources */ = {isa = PBXBuildFile; fileRef = 715DC41428E6574B00ABC893 /* CustomTableView.swift */; };
		715DC41828E65A4100ABC893 /* MessageService.swift in Sources */ = {isa = PBXBuildFile; fileRef = 715DC41728E65A4100ABC893 /* MessageService.swift */; };
		715DC41A28E65A4E00ABC893 /* MessageServiceProtocol.swift in Sources */ = {isa = PBXBuildFile; fileRef = 715DC41928E65A4E00ABC893 /* MessageServiceProtocol.swift */; };
		715DC41D28E660B500ABC893 /* MessageStrings.strings in Resources */ = {isa = PBXBuildFile; fileRef = 715DC41C28E660B500ABC893 /* MessageStrings.strings */; };
		715DC41F28E660CD00ABC893 /* MessageStrings.swift in Sources */ = {isa = PBXBuildFile; fileRef = 715DC41E28E660CD00ABC893 /* MessageStrings.swift */; };
		715DC42228E72A9B00ABC893 /* String+Error.swift in Sources */ = {isa = PBXBuildFile; fileRef = 715DC42128E72A9B00ABC893 /* String+Error.swift */; };
		71A4258428E383BA00237256 /* CustomLabel.swift in Sources */ = {isa = PBXBuildFile; fileRef = 71A4258328E383BA00237256 /* CustomLabel.swift */; };
		71A4258728E3905B00237256 /* BaseViewModel.swift in Sources */ = {isa = PBXBuildFile; fileRef = 71A4258628E3905B00237256 /* BaseViewModel.swift */; };
		71A4258A28E3939C00237256 /* BaseViewController.swift in Sources */ = {isa = PBXBuildFile; fileRef = 71A4258928E3939C00237256 /* BaseViewController.swift */; };
		71B5038228EB83B500C48B67 /* get_joke.json in Resources */ = {isa = PBXBuildFile; fileRef = 71B5038128EB83B500C48B67 /* get_joke.json */; };
		71B5038628EB840000C48B67 /* get_10_jokes.json in Resources */ = {isa = PBXBuildFile; fileRef = 71B5038528EB840000C48B67 /* get_10_jokes.json */; };
/* End PBXBuildFile section */

/* Begin PBXContainerItemProxy section */
		713BE30A28DB4403008B3B8C /* PBXContainerItemProxy */ = {
			isa = PBXContainerItemProxy;
			containerPortal = 713BE2EB28DB4400008B3B8C /* Project object */;
			proxyType = 1;
			remoteGlobalIDString = 713BE2F228DB4400008B3B8C;
			remoteInfo = Joker;
		};
		713BE31428DB4403008B3B8C /* PBXContainerItemProxy */ = {
			isa = PBXContainerItemProxy;
			containerPortal = 713BE2EB28DB4400008B3B8C /* Project object */;
			proxyType = 1;
			remoteGlobalIDString = 713BE2F228DB4400008B3B8C;
			remoteInfo = Joker;
		};
		714B9F1628EB568400250621 /* PBXContainerItemProxy */ = {
			isa = PBXContainerItemProxy;
			containerPortal = 713BE2EB28DB4400008B3B8C /* Project object */;
			proxyType = 1;
			remoteGlobalIDString = 713BE2F228DB4400008B3B8C;
			remoteInfo = Joker;
		};
/* End PBXContainerItemProxy section */

/* Begin PBXFileReference section */
		7123D6C728E2287500BBA36B /* UIView+ConstraintHelper.swift */ = {isa = PBXFileReference; lastKnownFileType = sourcecode.swift; path = "UIView+ConstraintHelper.swift"; sourceTree = "<group>"; };
		7123D6CA28E238E800BBA36B /* CustomButton.swift */ = {isa = PBXFileReference; lastKnownFileType = sourcecode.swift; path = CustomButton.swift; sourceTree = "<group>"; };
		7123D6CE28E2402B00BBA36B /* HomeStrings.strings */ = {isa = PBXFileReference; lastKnownFileType = text.plist.strings; path = HomeStrings.strings; sourceTree = "<group>"; };
		7123D6D028E2408E00BBA36B /* HomeStrings.swift */ = {isa = PBXFileReference; lastKnownFileType = sourcecode.swift; path = HomeStrings.swift; sourceTree = "<group>"; };
		7123D6D328E241B200BBA36B /* String+Localizable.swift */ = {isa = PBXFileReference; lastKnownFileType = sourcecode.swift; path = "String+Localizable.swift"; sourceTree = "<group>"; };
		7123D6D728E246FD00BBA36B /* HomeViewModel.swift */ = {isa = PBXFileReference; lastKnownFileType = sourcecode.swift; path = HomeViewModel.swift; sourceTree = "<group>"; };
		7123D6DA28E2489500BBA36B /* ApiService.swift */ = {isa = PBXFileReference; lastKnownFileType = sourcecode.swift; path = ApiService.swift; sourceTree = "<group>"; };
		7123D6DC28E2495000BBA36B /* ApiServiceProtocol.swift */ = {isa = PBXFileReference; lastKnownFileType = sourcecode.swift; path = ApiServiceProtocol.swift; sourceTree = "<group>"; };
		7123D6E128E282F400BBA36B /* Flags.swift */ = {isa = PBXFileReference; lastKnownFileType = sourcecode.swift; path = Flags.swift; sourceTree = "<group>"; };
		7123D6E328E2830E00BBA36B /* Joke.swift */ = {isa = PBXFileReference; lastKnownFileType = sourcecode.swift; path = Joke.swift; sourceTree = "<group>"; };
		7123D6E528E3250400BBA36B /* NetworkService.swift */ = {isa = PBXFileReference; lastKnownFileType = sourcecode.swift; path = NetworkService.swift; sourceTree = "<group>"; };
		7123D6E928E32ABE00BBA36B /* RequestError.swift */ = {isa = PBXFileReference; lastKnownFileType = sourcecode.swift; path = RequestError.swift; sourceTree = "<group>"; };
		7123D6EB28E32AD600BBA36B /* Result.swift */ = {isa = PBXFileReference; lastKnownFileType = sourcecode.swift; path = Result.swift; sourceTree = "<group>"; };
		7123D6ED28E32C4E00BBA36B /* NetworkServiceProtocol.swift */ = {isa = PBXFileReference; lastKnownFileType = sourcecode.swift; path = NetworkServiceProtocol.swift; sourceTree = "<group>"; };
		7123D6EF28E37A8800BBA36B /* HttpMethod.swift */ = {isa = PBXFileReference; lastKnownFileType = sourcecode.swift; path = HttpMethod.swift; sourceTree = "<group>"; };
		713BE2F328DB4400008B3B8C /* Joker.app */ = {isa = PBXFileReference; explicitFileType = wrapper.application; includeInIndex = 0; path = Joker.app; sourceTree = BUILT_PRODUCTS_DIR; };
		713BE2F628DB4400008B3B8C /* AppDelegate.swift */ = {isa = PBXFileReference; lastKnownFileType = sourcecode.swift; path = AppDelegate.swift; sourceTree = "<group>"; };
		713BE2F828DB4400008B3B8C /* SceneDelegate.swift */ = {isa = PBXFileReference; lastKnownFileType = sourcecode.swift; path = SceneDelegate.swift; sourceTree = "<group>"; };
		713BE2FA28DB4400008B3B8C /* HomeViewController.swift */ = {isa = PBXFileReference; lastKnownFileType = sourcecode.swift; path = HomeViewController.swift; sourceTree = "<group>"; };
		713BE2FF28DB4403008B3B8C /* Assets.xcassets */ = {isa = PBXFileReference; lastKnownFileType = folder.assetcatalog; path = Assets.xcassets; sourceTree = "<group>"; };
		713BE30228DB4403008B3B8C /* Base */ = {isa = PBXFileReference; lastKnownFileType = file.storyboard; name = Base; path = Base.lproj/LaunchScreen.storyboard; sourceTree = "<group>"; };
		713BE30428DB4403008B3B8C /* Info.plist */ = {isa = PBXFileReference; lastKnownFileType = text.plist.xml; path = Info.plist; sourceTree = "<group>"; };
		713BE30928DB4403008B3B8C /* JokerTests.xctest */ = {isa = PBXFileReference; explicitFileType = wrapper.cfbundle; includeInIndex = 0; path = JokerTests.xctest; sourceTree = BUILT_PRODUCTS_DIR; };
		713BE31328DB4403008B3B8C /* JokerUITests.xctest */ = {isa = PBXFileReference; explicitFileType = wrapper.cfbundle; includeInIndex = 0; path = JokerUITests.xctest; sourceTree = BUILT_PRODUCTS_DIR; };
		713BE31728DB4403008B3B8C /* JokerUITests.swift */ = {isa = PBXFileReference; lastKnownFileType = sourcecode.swift; path = JokerUITests.swift; sourceTree = "<group>"; };
		713BE31928DB4403008B3B8C /* JokerUITestsLaunchTests.swift */ = {isa = PBXFileReference; lastKnownFileType = sourcecode.swift; path = JokerUITestsLaunchTests.swift; sourceTree = "<group>"; };
		714B9F0428EB1D7800250621 /* ApiServiceMock.swift */ = {isa = PBXFileReference; lastKnownFileType = sourcecode.swift; path = ApiServiceMock.swift; sourceTree = "<group>"; };
		714B9F0628EB1E5F00250621 /* NavigationServiceMock.swift */ = {isa = PBXFileReference; lastKnownFileType = sourcecode.swift; path = NavigationServiceMock.swift; sourceTree = "<group>"; };
		714B9F0828EB1EBB00250621 /* MessageServiceMock.swift */ = {isa = PBXFileReference; lastKnownFileType = sourcecode.swift; path = MessageServiceMock.swift; sourceTree = "<group>"; };
		714B9F0A28EB2D3100250621 /* MoreJokesViewModelTests.swift */ = {isa = PBXFileReference; lastKnownFileType = sourcecode.swift; path = MoreJokesViewModelTests.swift; sourceTree = "<group>"; };
		714B9F0C28EB2D6E00250621 /* HomeViewModelTests.swift */ = {isa = PBXFileReference; fileEncoding = 4; lastKnownFileType = sourcecode.swift; path = HomeViewModelTests.swift; sourceTree = "<group>"; };
		714B9F1228EB568300250621 /* JokerIntegrationTests.xctest */ = {isa = PBXFileReference; explicitFileType = wrapper.cfbundle; includeInIndex = 0; path = JokerIntegrationTests.xctest; sourceTree = BUILT_PRODUCTS_DIR; };
		714B9F1428EB568400250621 /* JokerApiServiceTests.swift */ = {isa = PBXFileReference; lastKnownFileType = sourcecode.swift; path = JokerApiServiceTests.swift; sourceTree = "<group>"; };
		715DC3F828E39C5C00ABC893 /* MoreJokesViewController.swift */ = {isa = PBXFileReference; lastKnownFileType = sourcecode.swift; path = MoreJokesViewController.swift; sourceTree = "<group>"; };
		715DC3FA28E39C6A00ABC893 /* MoreJokesViewModel.swift */ = {isa = PBXFileReference; lastKnownFileType = sourcecode.swift; path = MoreJokesViewModel.swift; sourceTree = "<group>"; };
		715DC3FD28E4791F00ABC893 /* Values.swift */ = {isa = PBXFileReference; lastKnownFileType = sourcecode.swift; path = Values.swift; sourceTree = "<group>"; };
		715DC3FF28E47A2500ABC893 /* NavigationService.swift */ = {isa = PBXFileReference; lastKnownFileType = sourcecode.swift; path = NavigationService.swift; sourceTree = "<group>"; };
		715DC40128E47A3200ABC893 /* NavigationServiceProtocol.swift */ = {isa = PBXFileReference; lastKnownFileType = sourcecode.swift; path = NavigationServiceProtocol.swift; sourceTree = "<group>"; };
		715DC40328E4C8E300ABC893 /* Colors.swift */ = {isa = PBXFileReference; lastKnownFileType = sourcecode.swift; path = Colors.swift; sourceTree = "<group>"; };
		715DC40628E4FED800ABC893 /* MoreJokesStrings.strings */ = {isa = PBXFileReference; lastKnownFileType = text.plist.strings; path = MoreJokesStrings.strings; sourceTree = "<group>"; };
		715DC40828E4FEED00ABC893 /* MoreJokesStrings.swift */ = {isa = PBXFileReference; lastKnownFileType = sourcecode.swift; path = MoreJokesStrings.swift; sourceTree = "<group>"; };
		715DC40B28E5070F00ABC893 /* MoreJoreTableViewCell.swift */ = {isa = PBXFileReference; lastKnownFileType = sourcecode.swift; path = MoreJoreTableViewCell.swift; sourceTree = "<group>"; };
		715DC40E28E5251D00ABC893 /* Jokes.swift */ = {isa = PBXFileReference; lastKnownFileType = sourcecode.swift; path = Jokes.swift; sourceTree = "<group>"; };
		715DC41128E6539A00ABC893 /* Divider.swift */ = {isa = PBXFileReference; lastKnownFileType = sourcecode.swift; path = Divider.swift; sourceTree = "<group>"; };
		715DC41428E6574B00ABC893 /* CustomTableView.swift */ = {isa = PBXFileReference; lastKnownFileType = sourcecode.swift; path = CustomTableView.swift; sourceTree = "<group>"; };
		715DC41728E65A4100ABC893 /* MessageService.swift */ = {isa = PBXFileReference; lastKnownFileType = sourcecode.swift; path = MessageService.swift; sourceTree = "<group>"; };
		715DC41928E65A4E00ABC893 /* MessageServiceProtocol.swift */ = {isa = PBXFileReference; lastKnownFileType = sourcecode.swift; path = MessageServiceProtocol.swift; sourceTree = "<group>"; };
		715DC41C28E660B500ABC893 /* MessageStrings.strings */ = {isa = PBXFileReference; lastKnownFileType = text.plist.strings; path = MessageStrings.strings; sourceTree = "<group>"; };
		715DC41E28E660CD00ABC893 /* MessageStrings.swift */ = {isa = PBXFileReference; lastKnownFileType = sourcecode.swift; path = MessageStrings.swift; sourceTree = "<group>"; };
		715DC42128E72A9B00ABC893 /* String+Error.swift */ = {isa = PBXFileReference; lastKnownFileType = sourcecode.swift; path = "String+Error.swift"; sourceTree = "<group>"; };
		71A4258328E383BA00237256 /* CustomLabel.swift */ = {isa = PBXFileReference; lastKnownFileType = sourcecode.swift; path = CustomLabel.swift; sourceTree = "<group>"; };
		71A4258628E3905B00237256 /* BaseViewModel.swift */ = {isa = PBXFileReference; lastKnownFileType = sourcecode.swift; path = BaseViewModel.swift; sourceTree = "<group>"; };
		71A4258928E3939C00237256 /* BaseViewController.swift */ = {isa = PBXFileReference; lastKnownFileType = sourcecode.swift; path = BaseViewController.swift; sourceTree = "<group>"; };
		71B5038128EB83B500C48B67 /* get_joke.json */ = {isa = PBXFileReference; lastKnownFileType = text.json; path = get_joke.json; sourceTree = "<group>"; };
		71B5038528EB840000C48B67 /* get_10_jokes.json */ = {isa = PBXFileReference; lastKnownFileType = text.json; path = get_10_jokes.json; sourceTree = "<group>"; };
/* End PBXFileReference section */

/* Begin PBXFrameworksBuildPhase section */
		713BE2F028DB4400008B3B8C /* Frameworks */ = {
			isa = PBXFrameworksBuildPhase;
			buildActionMask = 2147483647;
			files = (
			);
			runOnlyForDeploymentPostprocessing = 0;
		};
		713BE30628DB4403008B3B8C /* Frameworks */ = {
			isa = PBXFrameworksBuildPhase;
			buildActionMask = 2147483647;
			files = (
			);
			runOnlyForDeploymentPostprocessing = 0;
		};
		713BE31028DB4403008B3B8C /* Frameworks */ = {
			isa = PBXFrameworksBuildPhase;
			buildActionMask = 2147483647;
			files = (
			);
			runOnlyForDeploymentPostprocessing = 0;
		};
		714B9F0F28EB568300250621 /* Frameworks */ = {
			isa = PBXFrameworksBuildPhase;
			buildActionMask = 2147483647;
			files = (
			);
			runOnlyForDeploymentPostprocessing = 0;
		};
/* End PBXFrameworksBuildPhase section */

/* Begin PBXGroup section */
		7123D6C628E2283500BBA36B /* ConstraintHelper */ = {
			isa = PBXGroup;
			children = (
				7123D6C728E2287500BBA36B /* UIView+ConstraintHelper.swift */,
			);
			path = ConstraintHelper;
			sourceTree = "<group>";
		};
		7123D6C928E238C000BBA36B /* Button */ = {
			isa = PBXGroup;
			children = (
				7123D6CA28E238E800BBA36B /* CustomButton.swift */,
			);
			path = Button;
			sourceTree = "<group>";
		};
		7123D6CD28E23FCB00BBA36B /* Resources */ = {
			isa = PBXGroup;
			children = (
				7123D6CE28E2402B00BBA36B /* HomeStrings.strings */,
				7123D6D028E2408E00BBA36B /* HomeStrings.swift */,
			);
			path = Resources;
			sourceTree = "<group>";
		};
		7123D6D228E2416800BBA36B /* Localized */ = {
			isa = PBXGroup;
			children = (
				7123D6D328E241B200BBA36B /* String+Localizable.swift */,
			);
			path = Localized;
			sourceTree = "<group>";
		};
		7123D6D928E2486600BBA36B /* ApiService */ = {
			isa = PBXGroup;
			children = (
				7123D6E028E24A3E00BBA36B /* DataClasses */,
				7123D6DA28E2489500BBA36B /* ApiService.swift */,
				7123D6DC28E2495000BBA36B /* ApiServiceProtocol.swift */,
			);
			path = ApiService;
			sourceTree = "<group>";
		};
		7123D6DE28E249CB00BBA36B /* UIComponents */ = {
			isa = PBXGroup;
			children = (
				715DC41328E6572C00ABC893 /* TableView */,
				715DC41028E6538600ABC893 /* Divider */,
				715DC3FC28E478A600ABC893 /* Styles */,
				71A4258828E3937D00237256 /* BaseViewController */,
				71A4258228E383A500237256 /* Label */,
				7123D6C928E238C000BBA36B /* Button */,
			);
			path = UIComponents;
			sourceTree = "<group>";
		};
		7123D6E028E24A3E00BBA36B /* DataClasses */ = {
			isa = PBXGroup;
			children = (
				7123D6E128E282F400BBA36B /* Flags.swift */,
				7123D6E328E2830E00BBA36B /* Joke.swift */,
				715DC40E28E5251D00ABC893 /* Jokes.swift */,
			);
			path = DataClasses;
			sourceTree = "<group>";
		};
		7123D6E728E32A4700BBA36B /* NetworkService */ = {
			isa = PBXGroup;
			children = (
				7123D6E828E32A5700BBA36B /* DataClasses */,
				7123D6E528E3250400BBA36B /* NetworkService.swift */,
				7123D6ED28E32C4E00BBA36B /* NetworkServiceProtocol.swift */,
			);
			path = NetworkService;
			sourceTree = "<group>";
		};
		7123D6E828E32A5700BBA36B /* DataClasses */ = {
			isa = PBXGroup;
			children = (
				7123D6E928E32ABE00BBA36B /* RequestError.swift */,
				7123D6EB28E32AD600BBA36B /* Result.swift */,
				7123D6EF28E37A8800BBA36B /* HttpMethod.swift */,
			);
			path = DataClasses;
			sourceTree = "<group>";
		};
		713BE2EA28DB4400008B3B8C = {
			isa = PBXGroup;
			children = (
				713BE2F528DB4400008B3B8C /* Joker */,
				713BE30C28DB4403008B3B8C /* JokerTests */,
				714B9F1328EB568400250621 /* JokerIntegrationTests */,
				713BE31628DB4403008B3B8C /* JokerUITests */,
				713BE2F428DB4400008B3B8C /* Products */,
			);
			sourceTree = "<group>";
		};
		713BE2F428DB4400008B3B8C /* Products */ = {
			isa = PBXGroup;
			children = (
				713BE2F328DB4400008B3B8C /* Joker.app */,
				713BE30928DB4403008B3B8C /* JokerTests.xctest */,
				713BE31328DB4403008B3B8C /* JokerUITests.xctest */,
				714B9F1228EB568300250621 /* JokerIntegrationTests.xctest */,
			);
			name = Products;
			sourceTree = "<group>";
		};
		713BE2F528DB4400008B3B8C /* Joker */ = {
			isa = PBXGroup;
			children = (
				713BE30428DB4403008B3B8C /* Info.plist */,
				713BE32928DB45C0008B3B8C /* Modules */,
				713BE32728DB459F008B3B8C /* Components */,
				7123D6DE28E249CB00BBA36B /* UIComponents */,
				713BE32628DB4585008B3B8C /* Application */,
			);
			path = Joker;
			sourceTree = "<group>";
		};
		713BE30C28DB4403008B3B8C /* JokerTests */ = {
			isa = PBXGroup;
			children = (
				714B9F0C28EB2D6E00250621 /* HomeViewModelTests.swift */,
				714B9F0A28EB2D3100250621 /* MoreJokesViewModelTests.swift */,
				714B9F0328EB1D4100250621 /* MockObjects */,
			);
			path = JokerTests;
			sourceTree = "<group>";
		};
		713BE31628DB4403008B3B8C /* JokerUITests */ = {
			isa = PBXGroup;
			children = (
				713BE31728DB4403008B3B8C /* JokerUITests.swift */,
				713BE31928DB4403008B3B8C /* JokerUITestsLaunchTests.swift */,
			);
			path = JokerUITests;
			sourceTree = "<group>";
		};
		713BE32628DB4585008B3B8C /* Application */ = {
			isa = PBXGroup;
			children = (
				713BE2F628DB4400008B3B8C /* AppDelegate.swift */,
				713BE2F828DB4400008B3B8C /* SceneDelegate.swift */,
				713BE2FF28DB4403008B3B8C /* Assets.xcassets */,
				713BE30128DB4403008B3B8C /* LaunchScreen.storyboard */,
			);
			path = Application;
			sourceTree = "<group>";
		};
		713BE32728DB459F008B3B8C /* Components */ = {
			isa = PBXGroup;
			children = (
				715DC42028E72A8400ABC893 /* Error */,
				715DC41628E65A2B00ABC893 /* MessageService */,
				71A4258B28E39A4F00237256 /* NavigationService */,
				71A4258528E38AC800237256 /* BaseViewModel */,
				7123D6E728E32A4700BBA36B /* NetworkService */,
				7123D6D928E2486600BBA36B /* ApiService */,
				7123D6D228E2416800BBA36B /* Localized */,
				7123D6C628E2283500BBA36B /* ConstraintHelper */,
			);
			path = Components;
			sourceTree = "<group>";
		};
		713BE32828DB45B3008B3B8C /* Home */ = {
			isa = PBXGroup;
			children = (
				7123D6CD28E23FCB00BBA36B /* Resources */,
				713BE2FA28DB4400008B3B8C /* HomeViewController.swift */,
				7123D6D728E246FD00BBA36B /* HomeViewModel.swift */,
			);
			path = Home;
			sourceTree = "<group>";
		};
		713BE32928DB45C0008B3B8C /* Modules */ = {
			isa = PBXGroup;
			children = (
				713BE32828DB45B3008B3B8C /* Home */,
				71A4258C28E39BD400237256 /* MoreJokes */,
			);
			path = Modules;
			sourceTree = "<group>";
		};
		714B9F0328EB1D4100250621 /* MockObjects */ = {
			isa = PBXGroup;
			children = (
				71B5038028EB839800C48B67 /* Jsons */,
				714B9F0428EB1D7800250621 /* ApiServiceMock.swift */,
				714B9F0628EB1E5F00250621 /* NavigationServiceMock.swift */,
				714B9F0828EB1EBB00250621 /* MessageServiceMock.swift */,
			);
			path = MockObjects;
			sourceTree = "<group>";
		};
		714B9F1328EB568400250621 /* JokerIntegrationTests */ = {
			isa = PBXGroup;
			children = (
				714B9F1428EB568400250621 /* JokerApiServiceTests.swift */,
			);
			path = JokerIntegrationTests;
			sourceTree = "<group>";
		};
		715DC3FC28E478A600ABC893 /* Styles */ = {
			isa = PBXGroup;
			children = (
				715DC3FD28E4791F00ABC893 /* Values.swift */,
				715DC40328E4C8E300ABC893 /* Colors.swift */,
			);
			path = Styles;
			sourceTree = "<group>";
		};
		715DC40528E4FEBA00ABC893 /* Resources */ = {
			isa = PBXGroup;
			children = (
				715DC40628E4FED800ABC893 /* MoreJokesStrings.strings */,
				715DC40828E4FEED00ABC893 /* MoreJokesStrings.swift */,
			);
			path = Resources;
			sourceTree = "<group>";
		};
		715DC40A28E5068500ABC893 /* TableViewCell */ = {
			isa = PBXGroup;
			children = (
				715DC40B28E5070F00ABC893 /* MoreJoreTableViewCell.swift */,
			);
			path = TableViewCell;
			sourceTree = "<group>";
		};
		715DC41028E6538600ABC893 /* Divider */ = {
			isa = PBXGroup;
			children = (
				715DC41128E6539A00ABC893 /* Divider.swift */,
			);
			path = Divider;
			sourceTree = "<group>";
		};
		715DC41328E6572C00ABC893 /* TableView */ = {
			isa = PBXGroup;
			children = (
				715DC41428E6574B00ABC893 /* CustomTableView.swift */,
			);
			path = TableView;
			sourceTree = "<group>";
		};
		715DC41628E65A2B00ABC893 /* MessageService */ = {
			isa = PBXGroup;
			children = (
				715DC41B28E65FDE00ABC893 /* Resources */,
				715DC41728E65A4100ABC893 /* MessageService.swift */,
				715DC41928E65A4E00ABC893 /* MessageServiceProtocol.swift */,
			);
			path = MessageService;
			sourceTree = "<group>";
		};
		715DC41B28E65FDE00ABC893 /* Resources */ = {
			isa = PBXGroup;
			children = (
				715DC41C28E660B500ABC893 /* MessageStrings.strings */,
				715DC41E28E660CD00ABC893 /* MessageStrings.swift */,
			);
			path = Resources;
			sourceTree = "<group>";
		};
		715DC42028E72A8400ABC893 /* Error */ = {
			isa = PBXGroup;
			children = (
				715DC42128E72A9B00ABC893 /* String+Error.swift */,
			);
			path = Error;
			sourceTree = "<group>";
		};
		71A4258228E383A500237256 /* Label */ = {
			isa = PBXGroup;
			children = (
				71A4258328E383BA00237256 /* CustomLabel.swift */,
			);
			path = Label;
			sourceTree = "<group>";
		};
		71A4258528E38AC800237256 /* BaseViewModel */ = {
			isa = PBXGroup;
			children = (
				71A4258628E3905B00237256 /* BaseViewModel.swift */,
			);
			path = BaseViewModel;
			sourceTree = "<group>";
		};
		71A4258828E3937D00237256 /* BaseViewController */ = {
			isa = PBXGroup;
			children = (
				71A4258928E3939C00237256 /* BaseViewController.swift */,
			);
			path = BaseViewController;
			sourceTree = "<group>";
		};
		71A4258B28E39A4F00237256 /* NavigationService */ = {
			isa = PBXGroup;
			children = (
				715DC3FF28E47A2500ABC893 /* NavigationService.swift */,
				715DC40128E47A3200ABC893 /* NavigationServiceProtocol.swift */,
			);
			path = NavigationService;
			sourceTree = "<group>";
		};
		71A4258C28E39BD400237256 /* MoreJokes */ = {
			isa = PBXGroup;
			children = (
				715DC40A28E5068500ABC893 /* TableViewCell */,
				715DC40528E4FEBA00ABC893 /* Resources */,
				715DC3F828E39C5C00ABC893 /* MoreJokesViewController.swift */,
				715DC3FA28E39C6A00ABC893 /* MoreJokesViewModel.swift */,
			);
			path = MoreJokes;
			sourceTree = "<group>";
		};
		71B5038028EB839800C48B67 /* Jsons */ = {
			isa = PBXGroup;
			children = (
				71B5038128EB83B500C48B67 /* get_joke.json */,
				71B5038528EB840000C48B67 /* get_10_jokes.json */,
			);
			path = Jsons;
			sourceTree = "<group>";
		};
/* End PBXGroup section */

/* Begin PBXNativeTarget section */
		713BE2F228DB4400008B3B8C /* Joker */ = {
			isa = PBXNativeTarget;
			buildConfigurationList = 713BE31D28DB4403008B3B8C /* Build configuration list for PBXNativeTarget "Joker" */;
			buildPhases = (
				713BE2EF28DB4400008B3B8C /* Sources */,
				713BE2F028DB4400008B3B8C /* Frameworks */,
				713BE2F128DB4400008B3B8C /* Resources */,
			);
			buildRules = (
			);
			dependencies = (
			);
			name = Joker;
			productName = Joker;
			productReference = 713BE2F328DB4400008B3B8C /* Joker.app */;
			productType = "com.apple.product-type.application";
		};
		713BE30828DB4403008B3B8C /* JokerTests */ = {
			isa = PBXNativeTarget;
			buildConfigurationList = 713BE32028DB4403008B3B8C /* Build configuration list for PBXNativeTarget "JokerTests" */;
			buildPhases = (
				713BE30528DB4403008B3B8C /* Sources */,
				713BE30628DB4403008B3B8C /* Frameworks */,
				713BE30728DB4403008B3B8C /* Resources */,
			);
			buildRules = (
			);
			dependencies = (
				713BE30B28DB4403008B3B8C /* PBXTargetDependency */,
			);
			name = JokerTests;
			productName = JokerTests;
			productReference = 713BE30928DB4403008B3B8C /* JokerTests.xctest */;
			productType = "com.apple.product-type.bundle.unit-test";
		};
		713BE31228DB4403008B3B8C /* JokerUITests */ = {
			isa = PBXNativeTarget;
			buildConfigurationList = 713BE32328DB4403008B3B8C /* Build configuration list for PBXNativeTarget "JokerUITests" */;
			buildPhases = (
				713BE30F28DB4403008B3B8C /* Sources */,
				713BE31028DB4403008B3B8C /* Frameworks */,
				713BE31128DB4403008B3B8C /* Resources */,
			);
			buildRules = (
			);
			dependencies = (
				713BE31528DB4403008B3B8C /* PBXTargetDependency */,
			);
			name = JokerUITests;
			productName = JokerUITests;
			productReference = 713BE31328DB4403008B3B8C /* JokerUITests.xctest */;
			productType = "com.apple.product-type.bundle.ui-testing";
		};
		714B9F1128EB568300250621 /* JokerIntegrationTests */ = {
			isa = PBXNativeTarget;
			buildConfigurationList = 714B9F1828EB568400250621 /* Build configuration list for PBXNativeTarget "JokerIntegrationTests" */;
			buildPhases = (
				714B9F0E28EB568300250621 /* Sources */,
				714B9F0F28EB568300250621 /* Frameworks */,
				714B9F1028EB568300250621 /* Resources */,
			);
			buildRules = (
			);
			dependencies = (
				714B9F1728EB568400250621 /* PBXTargetDependency */,
			);
			name = JokerIntegrationTests;
			productName = JokerIntegrationTests;
			productReference = 714B9F1228EB568300250621 /* JokerIntegrationTests.xctest */;
			productType = "com.apple.product-type.bundle.unit-test";
		};
/* End PBXNativeTarget section */

/* Begin PBXProject section */
		713BE2EB28DB4400008B3B8C /* Project object */ = {
			isa = PBXProject;
			attributes = {
				BuildIndependentTargetsInParallel = 1;
				LastSwiftUpdateCheck = 1330;
				LastUpgradeCheck = 1330;
				TargetAttributes = {
					713BE2F228DB4400008B3B8C = {
						CreatedOnToolsVersion = 13.3;
					};
					713BE30828DB4403008B3B8C = {
						CreatedOnToolsVersion = 13.3;
						TestTargetID = 713BE2F228DB4400008B3B8C;
					};
					713BE31228DB4403008B3B8C = {
						CreatedOnToolsVersion = 13.3;
						TestTargetID = 713BE2F228DB4400008B3B8C;
					};
					714B9F1128EB568300250621 = {
						CreatedOnToolsVersion = 13.3;
						TestTargetID = 713BE2F228DB4400008B3B8C;
					};
				};
			};
			buildConfigurationList = 713BE2EE28DB4400008B3B8C /* Build configuration list for PBXProject "Joker" */;
			compatibilityVersion = "Xcode 13.0";
			developmentRegion = en;
			hasScannedForEncodings = 0;
			knownRegions = (
				en,
				Base,
			);
			mainGroup = 713BE2EA28DB4400008B3B8C;
			productRefGroup = 713BE2F428DB4400008B3B8C /* Products */;
			projectDirPath = "";
			projectRoot = "";
			targets = (
				713BE2F228DB4400008B3B8C /* Joker */,
				713BE30828DB4403008B3B8C /* JokerTests */,
				713BE31228DB4403008B3B8C /* JokerUITests */,
				714B9F1128EB568300250621 /* JokerIntegrationTests */,
			);
		};
/* End PBXProject section */

/* Begin PBXResourcesBuildPhase section */
		713BE2F128DB4400008B3B8C /* Resources */ = {
			isa = PBXResourcesBuildPhase;
			buildActionMask = 2147483647;
			files = (
				715DC41D28E660B500ABC893 /* MessageStrings.strings in Resources */,
				713BE30328DB4403008B3B8C /* LaunchScreen.storyboard in Resources */,
				715DC40728E4FED800ABC893 /* MoreJokesStrings.strings in Resources */,
				7123D6CF28E2402B00BBA36B /* HomeStrings.strings in Resources */,
				713BE30028DB4403008B3B8C /* Assets.xcassets in Resources */,
			);
			runOnlyForDeploymentPostprocessing = 0;
		};
		713BE30728DB4403008B3B8C /* Resources */ = {
			isa = PBXResourcesBuildPhase;
			buildActionMask = 2147483647;
			files = (
				71B5038628EB840000C48B67 /* get_10_jokes.json in Resources */,
				71B5038228EB83B500C48B67 /* get_joke.json in Resources */,
			);
			runOnlyForDeploymentPostprocessing = 0;
		};
		713BE31128DB4403008B3B8C /* Resources */ = {
			isa = PBXResourcesBuildPhase;
			buildActionMask = 2147483647;
			files = (
			);
			runOnlyForDeploymentPostprocessing = 0;
		};
		714B9F1028EB568300250621 /* Resources */ = {
			isa = PBXResourcesBuildPhase;
			buildActionMask = 2147483647;
			files = (
			);
			runOnlyForDeploymentPostprocessing = 0;
		};
/* End PBXResourcesBuildPhase section */

/* Begin PBXSourcesBuildPhase section */
		713BE2EF28DB4400008B3B8C /* Sources */ = {
			isa = PBXSourcesBuildPhase;
			buildActionMask = 2147483647;
			files = (
				715DC3FB28E39C6A00ABC893 /* MoreJokesViewModel.swift in Sources */,
				7123D6EA28E32ABE00BBA36B /* RequestError.swift in Sources */,
				71A4258428E383BA00237256 /* CustomLabel.swift in Sources */,
				713BE2FB28DB4400008B3B8C /* HomeViewController.swift in Sources */,
				7123D6D128E2408E00BBA36B /* HomeStrings.swift in Sources */,
				715DC41828E65A4100ABC893 /* MessageService.swift in Sources */,
				715DC41F28E660CD00ABC893 /* MessageStrings.swift in Sources */,
				7123D6E428E2830E00BBA36B /* Joke.swift in Sources */,
				715DC40228E47A3200ABC893 /* NavigationServiceProtocol.swift in Sources */,
				71A4258A28E3939C00237256 /* BaseViewController.swift in Sources */,
				715DC40C28E5070F00ABC893 /* MoreJoreTableViewCell.swift in Sources */,
				7123D6EE28E32C4E00BBA36B /* NetworkServiceProtocol.swift in Sources */,
				715DC40928E4FEED00ABC893 /* MoreJokesStrings.swift in Sources */,
				7123D6DD28E2495000BBA36B /* ApiServiceProtocol.swift in Sources */,
				715DC40F28E5251D00ABC893 /* Jokes.swift in Sources */,
				713BE2F728DB4400008B3B8C /* AppDelegate.swift in Sources */,
				7123D6EC28E32AD600BBA36B /* Result.swift in Sources */,
				7123D6F028E37A8800BBA36B /* HttpMethod.swift in Sources */,
				7123D6E228E282F400BBA36B /* Flags.swift in Sources */,
				7123D6D828E246FD00BBA36B /* HomeViewModel.swift in Sources */,
				7123D6C828E2287500BBA36B /* UIView+ConstraintHelper.swift in Sources */,
				7123D6DB28E2489500BBA36B /* ApiService.swift in Sources */,
				715DC42228E72A9B00ABC893 /* String+Error.swift in Sources */,
				71A4258728E3905B00237256 /* BaseViewModel.swift in Sources */,
				713BE2F928DB4400008B3B8C /* SceneDelegate.swift in Sources */,
				715DC41528E6574B00ABC893 /* CustomTableView.swift in Sources */,
				715DC41A28E65A4E00ABC893 /* MessageServiceProtocol.swift in Sources */,
				715DC3F928E39C5C00ABC893 /* MoreJokesViewController.swift in Sources */,
				715DC40028E47A2500ABC893 /* NavigationService.swift in Sources */,
				715DC40428E4C8E300ABC893 /* Colors.swift in Sources */,
				7123D6CB28E238E800BBA36B /* CustomButton.swift in Sources */,
				7123D6E628E3250400BBA36B /* NetworkService.swift in Sources */,
				715DC41228E6539A00ABC893 /* Divider.swift in Sources */,
				715DC3FE28E4792000ABC893 /* Values.swift in Sources */,
				7123D6D428E241B200BBA36B /* String+Localizable.swift in Sources */,
			);
			runOnlyForDeploymentPostprocessing = 0;
		};
		713BE30528DB4403008B3B8C /* Sources */ = {
			isa = PBXSourcesBuildPhase;
			buildActionMask = 2147483647;
			files = (
				714B9F0D28EB2D6E00250621 /* HomeViewModelTests.swift in Sources */,
				714B9F0B28EB2D3100250621 /* MoreJokesViewModelTests.swift in Sources */,
				714B9F0528EB1D7800250621 /* ApiServiceMock.swift in Sources */,
				714B9F0728EB1E5F00250621 /* NavigationServiceMock.swift in Sources */,
				714B9F0928EB1EBB00250621 /* MessageServiceMock.swift in Sources */,
			);
			runOnlyForDeploymentPostprocessing = 0;
		};
		713BE30F28DB4403008B3B8C /* Sources */ = {
			isa = PBXSourcesBuildPhase;
			buildActionMask = 2147483647;
			files = (
				713BE31A28DB4403008B3B8C /* JokerUITestsLaunchTests.swift in Sources */,
				713BE31828DB4403008B3B8C /* JokerUITests.swift in Sources */,
			);
			runOnlyForDeploymentPostprocessing = 0;
		};
		714B9F0E28EB568300250621 /* Sources */ = {
			isa = PBXSourcesBuildPhase;
			buildActionMask = 2147483647;
			files = (
				714B9F1528EB568400250621 /* JokerApiServiceTests.swift in Sources */,
			);
			runOnlyForDeploymentPostprocessing = 0;
		};
/* End PBXSourcesBuildPhase section */

/* Begin PBXTargetDependency section */
		713BE30B28DB4403008B3B8C /* PBXTargetDependency */ = {
			isa = PBXTargetDependency;
			target = 713BE2F228DB4400008B3B8C /* Joker */;
			targetProxy = 713BE30A28DB4403008B3B8C /* PBXContainerItemProxy */;
		};
		713BE31528DB4403008B3B8C /* PBXTargetDependency */ = {
			isa = PBXTargetDependency;
			target = 713BE2F228DB4400008B3B8C /* Joker */;
			targetProxy = 713BE31428DB4403008B3B8C /* PBXContainerItemProxy */;
		};
		714B9F1728EB568400250621 /* PBXTargetDependency */ = {
			isa = PBXTargetDependency;
			target = 713BE2F228DB4400008B3B8C /* Joker */;
			targetProxy = 714B9F1628EB568400250621 /* PBXContainerItemProxy */;
		};
/* End PBXTargetDependency section */

/* Begin PBXVariantGroup section */
		713BE30128DB4403008B3B8C /* LaunchScreen.storyboard */ = {
			isa = PBXVariantGroup;
			children = (
				713BE30228DB4403008B3B8C /* Base */,
			);
			name = LaunchScreen.storyboard;
			sourceTree = "<group>";
		};
/* End PBXVariantGroup section */

/* Begin XCBuildConfiguration section */
		713BE31B28DB4403008B3B8C /* Debug */ = {
			isa = XCBuildConfiguration;
			buildSettings = {
				ALWAYS_SEARCH_USER_PATHS = NO;
				CLANG_ANALYZER_NONNULL = YES;
				CLANG_ANALYZER_NUMBER_OBJECT_CONVERSION = YES_AGGRESSIVE;
				CLANG_CXX_LANGUAGE_STANDARD = "gnu++17";
				CLANG_ENABLE_MODULES = YES;
				CLANG_ENABLE_OBJC_ARC = YES;
				CLANG_ENABLE_OBJC_WEAK = YES;
				CLANG_WARN_BLOCK_CAPTURE_AUTORELEASING = YES;
				CLANG_WARN_BOOL_CONVERSION = YES;
				CLANG_WARN_COMMA = YES;
				CLANG_WARN_CONSTANT_CONVERSION = YES;
				CLANG_WARN_DEPRECATED_OBJC_IMPLEMENTATIONS = YES;
				CLANG_WARN_DIRECT_OBJC_ISA_USAGE = YES_ERROR;
				CLANG_WARN_DOCUMENTATION_COMMENTS = YES;
				CLANG_WARN_EMPTY_BODY = YES;
				CLANG_WARN_ENUM_CONVERSION = YES;
				CLANG_WARN_INFINITE_RECURSION = YES;
				CLANG_WARN_INT_CONVERSION = YES;
				CLANG_WARN_NON_LITERAL_NULL_CONVERSION = YES;
				CLANG_WARN_OBJC_IMPLICIT_RETAIN_SELF = YES;
				CLANG_WARN_OBJC_LITERAL_CONVERSION = YES;
				CLANG_WARN_OBJC_ROOT_CLASS = YES_ERROR;
				CLANG_WARN_QUOTED_INCLUDE_IN_FRAMEWORK_HEADER = YES;
				CLANG_WARN_RANGE_LOOP_ANALYSIS = YES;
				CLANG_WARN_STRICT_PROTOTYPES = YES;
				CLANG_WARN_SUSPICIOUS_MOVE = YES;
				CLANG_WARN_UNGUARDED_AVAILABILITY = YES_AGGRESSIVE;
				CLANG_WARN_UNREACHABLE_CODE = YES;
				CLANG_WARN__DUPLICATE_METHOD_MATCH = YES;
				COPY_PHASE_STRIP = NO;
				DEBUG_INFORMATION_FORMAT = dwarf;
				ENABLE_STRICT_OBJC_MSGSEND = YES;
				ENABLE_TESTABILITY = YES;
				GCC_C_LANGUAGE_STANDARD = gnu11;
				GCC_DYNAMIC_NO_PIC = NO;
				GCC_NO_COMMON_BLOCKS = YES;
				GCC_OPTIMIZATION_LEVEL = 0;
				GCC_PREPROCESSOR_DEFINITIONS = (
					"DEBUG=1",
					"$(inherited)",
				);
				GCC_WARN_64_TO_32_BIT_CONVERSION = YES;
				GCC_WARN_ABOUT_RETURN_TYPE = YES_ERROR;
				GCC_WARN_UNDECLARED_SELECTOR = YES;
				GCC_WARN_UNINITIALIZED_AUTOS = YES_AGGRESSIVE;
				GCC_WARN_UNUSED_FUNCTION = YES;
				GCC_WARN_UNUSED_VARIABLE = YES;
				IPHONEOS_DEPLOYMENT_TARGET = 15.4;
				MTL_ENABLE_DEBUG_INFO = INCLUDE_SOURCE;
				MTL_FAST_MATH = YES;
				ONLY_ACTIVE_ARCH = YES;
				SDKROOT = iphoneos;
				SWIFT_ACTIVE_COMPILATION_CONDITIONS = DEBUG;
				SWIFT_OPTIMIZATION_LEVEL = "-Onone";
			};
			name = Debug;
		};
		713BE31C28DB4403008B3B8C /* Release */ = {
			isa = XCBuildConfiguration;
			buildSettings = {
				ALWAYS_SEARCH_USER_PATHS = NO;
				CLANG_ANALYZER_NONNULL = YES;
				CLANG_ANALYZER_NUMBER_OBJECT_CONVERSION = YES_AGGRESSIVE;
				CLANG_CXX_LANGUAGE_STANDARD = "gnu++17";
				CLANG_ENABLE_MODULES = YES;
				CLANG_ENABLE_OBJC_ARC = YES;
				CLANG_ENABLE_OBJC_WEAK = YES;
				CLANG_WARN_BLOCK_CAPTURE_AUTORELEASING = YES;
				CLANG_WARN_BOOL_CONVERSION = YES;
				CLANG_WARN_COMMA = YES;
				CLANG_WARN_CONSTANT_CONVERSION = YES;
				CLANG_WARN_DEPRECATED_OBJC_IMPLEMENTATIONS = YES;
				CLANG_WARN_DIRECT_OBJC_ISA_USAGE = YES_ERROR;
				CLANG_WARN_DOCUMENTATION_COMMENTS = YES;
				CLANG_WARN_EMPTY_BODY = YES;
				CLANG_WARN_ENUM_CONVERSION = YES;
				CLANG_WARN_INFINITE_RECURSION = YES;
				CLANG_WARN_INT_CONVERSION = YES;
				CLANG_WARN_NON_LITERAL_NULL_CONVERSION = YES;
				CLANG_WARN_OBJC_IMPLICIT_RETAIN_SELF = YES;
				CLANG_WARN_OBJC_LITERAL_CONVERSION = YES;
				CLANG_WARN_OBJC_ROOT_CLASS = YES_ERROR;
				CLANG_WARN_QUOTED_INCLUDE_IN_FRAMEWORK_HEADER = YES;
				CLANG_WARN_RANGE_LOOP_ANALYSIS = YES;
				CLANG_WARN_STRICT_PROTOTYPES = YES;
				CLANG_WARN_SUSPICIOUS_MOVE = YES;
				CLANG_WARN_UNGUARDED_AVAILABILITY = YES_AGGRESSIVE;
				CLANG_WARN_UNREACHABLE_CODE = YES;
				CLANG_WARN__DUPLICATE_METHOD_MATCH = YES;
				COPY_PHASE_STRIP = NO;
				DEBUG_INFORMATION_FORMAT = "dwarf-with-dsym";
				ENABLE_NS_ASSERTIONS = NO;
				ENABLE_STRICT_OBJC_MSGSEND = YES;
				GCC_C_LANGUAGE_STANDARD = gnu11;
				GCC_NO_COMMON_BLOCKS = YES;
				GCC_WARN_64_TO_32_BIT_CONVERSION = YES;
				GCC_WARN_ABOUT_RETURN_TYPE = YES_ERROR;
				GCC_WARN_UNDECLARED_SELECTOR = YES;
				GCC_WARN_UNINITIALIZED_AUTOS = YES_AGGRESSIVE;
				GCC_WARN_UNUSED_FUNCTION = YES;
				GCC_WARN_UNUSED_VARIABLE = YES;
				IPHONEOS_DEPLOYMENT_TARGET = 15.4;
				MTL_ENABLE_DEBUG_INFO = NO;
				MTL_FAST_MATH = YES;
				SDKROOT = iphoneos;
				SWIFT_COMPILATION_MODE = wholemodule;
				SWIFT_OPTIMIZATION_LEVEL = "-O";
				VALIDATE_PRODUCT = YES;
			};
			name = Release;
		};
		713BE31E28DB4403008B3B8C /* Debug */ = {
			isa = XCBuildConfiguration;
			buildSettings = {
				ASSETCATALOG_COMPILER_APPICON_NAME = AppIcon;
				ASSETCATALOG_COMPILER_GLOBAL_ACCENT_COLOR_NAME = AccentColor;
				CODE_SIGN_STYLE = Automatic;
				CURRENT_PROJECT_VERSION = 1;
				DEVELOPMENT_TEAM = A2HMKZ2KH4;
				GENERATE_INFOPLIST_FILE = YES;
				INFOPLIST_FILE = Joker/Info.plist;
				INFOPLIST_KEY_UIApplicationSupportsIndirectInputEvents = YES;
				INFOPLIST_KEY_UILaunchStoryboardName = LaunchScreen;
				INFOPLIST_KEY_UISupportedInterfaceOrientations_iPad = "UIInterfaceOrientationPortrait UIInterfaceOrientationPortraitUpsideDown UIInterfaceOrientationLandscapeLeft UIInterfaceOrientationLandscapeRight";
				INFOPLIST_KEY_UISupportedInterfaceOrientations_iPhone = "UIInterfaceOrientationPortrait UIInterfaceOrientationLandscapeLeft UIInterfaceOrientationLandscapeRight";
				LD_RUNPATH_SEARCH_PATHS = (
					"$(inherited)",
					"@executable_path/Frameworks",
				);
				MARKETING_VERSION = 1.0;
				PRODUCT_BUNDLE_IDENTIFIER = dev.polotto.joker;
				PRODUCT_NAME = "$(TARGET_NAME)";
				SWIFT_EMIT_LOC_STRINGS = YES;
				SWIFT_VERSION = 5.0;
				TARGETED_DEVICE_FAMILY = "1,2";
			};
			name = Debug;
		};
		713BE31F28DB4403008B3B8C /* Release */ = {
			isa = XCBuildConfiguration;
			buildSettings = {
				ASSETCATALOG_COMPILER_APPICON_NAME = AppIcon;
				ASSETCATALOG_COMPILER_GLOBAL_ACCENT_COLOR_NAME = AccentColor;
				CODE_SIGN_STYLE = Automatic;
				CURRENT_PROJECT_VERSION = 1;
				DEVELOPMENT_TEAM = A2HMKZ2KH4;
				GENERATE_INFOPLIST_FILE = YES;
				INFOPLIST_FILE = Joker/Info.plist;
				INFOPLIST_KEY_UIApplicationSupportsIndirectInputEvents = YES;
				INFOPLIST_KEY_UILaunchStoryboardName = LaunchScreen;
				INFOPLIST_KEY_UISupportedInterfaceOrientations_iPad = "UIInterfaceOrientationPortrait UIInterfaceOrientationPortraitUpsideDown UIInterfaceOrientationLandscapeLeft UIInterfaceOrientationLandscapeRight";
				INFOPLIST_KEY_UISupportedInterfaceOrientations_iPhone = "UIInterfaceOrientationPortrait UIInterfaceOrientationLandscapeLeft UIInterfaceOrientationLandscapeRight";
				LD_RUNPATH_SEARCH_PATHS = (
					"$(inherited)",
					"@executable_path/Frameworks",
				);
				MARKETING_VERSION = 1.0;
				PRODUCT_BUNDLE_IDENTIFIER = dev.polotto.joker;
				PRODUCT_NAME = "$(TARGET_NAME)";
				SWIFT_EMIT_LOC_STRINGS = YES;
				SWIFT_VERSION = 5.0;
				TARGETED_DEVICE_FAMILY = "1,2";
			};
			name = Release;
		};
		713BE32128DB4403008B3B8C /* Debug */ = {
			isa = XCBuildConfiguration;
			buildSettings = {
				ALWAYS_EMBED_SWIFT_STANDARD_LIBRARIES = YES;
				BUNDLE_LOADER = "$(TEST_HOST)";
				CODE_SIGN_STYLE = Automatic;
				CURRENT_PROJECT_VERSION = 1;
				GENERATE_INFOPLIST_FILE = YES;
				IPHONEOS_DEPLOYMENT_TARGET = 15.4;
				MARKETING_VERSION = 1.0;
				PRODUCT_BUNDLE_IDENTIFIER = com.joker.JokerTests;
				PRODUCT_NAME = "$(TARGET_NAME)";
				SWIFT_EMIT_LOC_STRINGS = NO;
				SWIFT_VERSION = 5.0;
				TARGETED_DEVICE_FAMILY = "1,2";
				TEST_HOST = "$(BUILT_PRODUCTS_DIR)/Joker.app/Joker";
			};
			name = Debug;
		};
		713BE32228DB4403008B3B8C /* Release */ = {
			isa = XCBuildConfiguration;
			buildSettings = {
				ALWAYS_EMBED_SWIFT_STANDARD_LIBRARIES = YES;
				BUNDLE_LOADER = "$(TEST_HOST)";
				CODE_SIGN_STYLE = Automatic;
				CURRENT_PROJECT_VERSION = 1;
				GENERATE_INFOPLIST_FILE = YES;
				IPHONEOS_DEPLOYMENT_TARGET = 15.4;
				MARKETING_VERSION = 1.0;
				PRODUCT_BUNDLE_IDENTIFIER = com.joker.JokerTests;
				PRODUCT_NAME = "$(TARGET_NAME)";
				SWIFT_EMIT_LOC_STRINGS = NO;
				SWIFT_VERSION = 5.0;
				TARGETED_DEVICE_FAMILY = "1,2";
				TEST_HOST = "$(BUILT_PRODUCTS_DIR)/Joker.app/Joker";
			};
			name = Release;
		};
		713BE32428DB4403008B3B8C /* Debug */ = {
			isa = XCBuildConfiguration;
			buildSettings = {
				ALWAYS_EMBED_SWIFT_STANDARD_LIBRARIES = YES;
				CODE_SIGN_STYLE = Automatic;
				CURRENT_PROJECT_VERSION = 1;
				GENERATE_INFOPLIST_FILE = YES;
				MARKETING_VERSION = 1.0;
				PRODUCT_BUNDLE_IDENTIFIER = com.joker.JokerUITests;
				PRODUCT_NAME = "$(TARGET_NAME)";
				SWIFT_EMIT_LOC_STRINGS = NO;
				SWIFT_VERSION = 5.0;
				TARGETED_DEVICE_FAMILY = "1,2";
				TEST_TARGET_NAME = Joker;
			};
			name = Debug;
		};
		713BE32528DB4403008B3B8C /* Release */ = {
			isa = XCBuildConfiguration;
			buildSettings = {
				ALWAYS_EMBED_SWIFT_STANDARD_LIBRARIES = YES;
				CODE_SIGN_STYLE = Automatic;
				CURRENT_PROJECT_VERSION = 1;
				GENERATE_INFOPLIST_FILE = YES;
				MARKETING_VERSION = 1.0;
				PRODUCT_BUNDLE_IDENTIFIER = com.joker.JokerUITests;
				PRODUCT_NAME = "$(TARGET_NAME)";
				SWIFT_EMIT_LOC_STRINGS = NO;
				SWIFT_VERSION = 5.0;
				TARGETED_DEVICE_FAMILY = "1,2";
				TEST_TARGET_NAME = Joker;
			};
			name = Release;
		};
		714B9F1928EB568400250621 /* Debug */ = {
			isa = XCBuildConfiguration;
			buildSettings = {
				BUNDLE_LOADER = "$(TEST_HOST)";
				CODE_SIGN_STYLE = Automatic;
				CURRENT_PROJECT_VERSION = 1;
				GENERATE_INFOPLIST_FILE = YES;
				MARKETING_VERSION = 1.0;
				PRODUCT_BUNDLE_IDENTIFIER = com.joker.JokerIntegrationTests;
				PRODUCT_NAME = "$(TARGET_NAME)";
				SWIFT_EMIT_LOC_STRINGS = NO;
				SWIFT_VERSION = 5.0;
				TARGETED_DEVICE_FAMILY = "1,2";
				TEST_HOST = "$(BUILT_PRODUCTS_DIR)/Joker.app/Joker";
			};
			name = Debug;
		};
		714B9F1A28EB568400250621 /* Release */ = {
			isa = XCBuildConfiguration;
			buildSettings = {
				BUNDLE_LOADER = "$(TEST_HOST)";
				CODE_SIGN_STYLE = Automatic;
				CURRENT_PROJECT_VERSION = 1;
				GENERATE_INFOPLIST_FILE = YES;
				MARKETING_VERSION = 1.0;
				PRODUCT_BUNDLE_IDENTIFIER = com.joker.JokerIntegrationTests;
				PRODUCT_NAME = "$(TARGET_NAME)";
				SWIFT_EMIT_LOC_STRINGS = NO;
				SWIFT_VERSION = 5.0;
				TARGETED_DEVICE_FAMILY = "1,2";
				TEST_HOST = "$(BUILT_PRODUCTS_DIR)/Joker.app/Joker";
			};
			name = Release;
		};
/* End XCBuildConfiguration section */

/* Begin XCConfigurationList section */
		713BE2EE28DB4400008B3B8C /* Build configuration list for PBXProject "Joker" */ = {
			isa = XCConfigurationList;
			buildConfigurations = (
				713BE31B28DB4403008B3B8C /* Debug */,
				713BE31C28DB4403008B3B8C /* Release */,
			);
			defaultConfigurationIsVisible = 0;
			defaultConfigurationName = Release;
		};
		713BE31D28DB4403008B3B8C /* Build configuration list for PBXNativeTarget "Joker" */ = {
			isa = XCConfigurationList;
			buildConfigurations = (
				713BE31E28DB4403008B3B8C /* Debug */,
				713BE31F28DB4403008B3B8C /* Release */,
			);
			defaultConfigurationIsVisible = 0;
			defaultConfigurationName = Release;
		};
		713BE32028DB4403008B3B8C /* Build configuration list for PBXNativeTarget "JokerTests" */ = {
			isa = XCConfigurationList;
			buildConfigurations = (
				713BE32128DB4403008B3B8C /* Debug */,
				713BE32228DB4403008B3B8C /* Release */,
			);
			defaultConfigurationIsVisible = 0;
			defaultConfigurationName = Release;
		};
		713BE32328DB4403008B3B8C /* Build configuration list for PBXNativeTarget "JokerUITests" */ = {
			isa = XCConfigurationList;
			buildConfigurations = (
				713BE32428DB4403008B3B8C /* Debug */,
				713BE32528DB4403008B3B8C /* Release */,
			);
			defaultConfigurationIsVisible = 0;
			defaultConfigurationName = Release;
		};
		714B9F1828EB568400250621 /* Build configuration list for PBXNativeTarget "JokerIntegrationTests" */ = {
			isa = XCConfigurationList;
			buildConfigurations = (
				714B9F1928EB568400250621 /* Debug */,
				714B9F1A28EB568400250621 /* Release */,
			);
			defaultConfigurationIsVisible = 0;
			defaultConfigurationName = Release;
		};
/* End XCConfigurationList section */
	};
	rootObject = 713BE2EB28DB4400008B3B8C /* Project object */;
}
