// !$*UTF8*$!
{
	archiveVersion = 1;
	classes = {
	};
	objectVersion = 50;
	objects = {

/* Begin PBXBuildFile section */
		717B74F923DCFC520088BCD1 /* AppDelegate.swift in Sources */ = {isa = PBXBuildFile; fileRef = 717B74F823DCFC520088BCD1 /* AppDelegate.swift */; };
		717B74FB23DCFC520088BCD1 /* SceneDelegate.swift in Sources */ = {isa = PBXBuildFile; fileRef = 717B74FA23DCFC520088BCD1 /* SceneDelegate.swift */; };
		717B74FD23DCFC520088BCD1 /* ContentView.swift in Sources */ = {isa = PBXBuildFile; fileRef = 717B74FC23DCFC520088BCD1 /* ContentView.swift */; };
		717B74FF23DCFC580088BCD1 /* Assets.xcassets in Resources */ = {isa = PBXBuildFile; fileRef = 717B74FE23DCFC580088BCD1 /* Assets.xcassets */; };
		717B750223DCFC580088BCD1 /* Preview Assets.xcassets in Resources */ = {isa = PBXBuildFile; fileRef = 717B750123DCFC580088BCD1 /* Preview Assets.xcassets */; };
		717B750523DCFC580088BCD1 /* LaunchScreen.storyboard in Resources */ = {isa = PBXBuildFile; fileRef = 717B750323DCFC580088BCD1 /* LaunchScreen.storyboard */; };
		717B751023DCFC590088BCD1 /* DemoSwiftUITests.swift in Sources */ = {isa = PBXBuildFile; fileRef = 717B750F23DCFC590088BCD1 /* DemoSwiftUITests.swift */; };
		717B751B23DCFC590088BCD1 /* DemoSwiftUIUITests.swift in Sources */ = {isa = PBXBuildFile; fileRef = 717B751A23DCFC590088BCD1 /* DemoSwiftUIUITests.swift */; };
/* End PBXBuildFile section */

/* Begin PBXContainerItemProxy section */
		717B750C23DCFC590088BCD1 /* PBXContainerItemProxy */ = {
			isa = PBXContainerItemProxy;
			containerPortal = 717B74ED23DCFC520088BCD1 /* Project object */;
			proxyType = 1;
			remoteGlobalIDString = 717B74F423DCFC520088BCD1;
			remoteInfo = DemoSwiftUI;
		};
		717B751723DCFC590088BCD1 /* PBXContainerItemProxy */ = {
			isa = PBXContainerItemProxy;
			containerPortal = 717B74ED23DCFC520088BCD1 /* Project object */;
			proxyType = 1;
			remoteGlobalIDString = 717B74F423DCFC520088BCD1;
			remoteInfo = DemoSwiftUI;
		};
/* End PBXContainerItemProxy section */

/* Begin PBXFileReference section */
		717B74F523DCFC520088BCD1 /* DemoSwiftUI.app */ = {isa = PBXFileReference; explicitFileType = wrapper.application; includeInIndex = 0; path = DemoSwiftUI.app; sourceTree = BUILT_PRODUCTS_DIR; };
		717B74F823DCFC520088BCD1 /* AppDelegate.swift */ = {isa = PBXFileReference; lastKnownFileType = sourcecode.swift; path = AppDelegate.swift; sourceTree = "<group>"; };
		717B74FA23DCFC520088BCD1 /* SceneDelegate.swift */ = {isa = PBXFileReference; lastKnownFileType = sourcecode.swift; path = SceneDelegate.swift; sourceTree = "<group>"; };
		717B74FC23DCFC520088BCD1 /* ContentView.swift */ = {isa = PBXFileReference; lastKnownFileType = sourcecode.swift; path = ContentView.swift; sourceTree = "<group>"; };
		717B74FE23DCFC580088BCD1 /* Assets.xcassets */ = {isa = PBXFileReference; lastKnownFileType = folder.assetcatalog; path = Assets.xcassets; sourceTree = "<group>"; };
		717B750123DCFC580088BCD1 /* Preview Assets.xcassets */ = {isa = PBXFileReference; lastKnownFileType = folder.assetcatalog; path = "Preview Assets.xcassets"; sourceTree = "<group>"; };
		717B750423DCFC580088BCD1 /* Base */ = {isa = PBXFileReference; lastKnownFileType = file.storyboard; name = Base; path = Base.lproj/LaunchScreen.storyboard; sourceTree = "<group>"; };
		717B750623DCFC580088BCD1 /* Info.plist */ = {isa = PBXFileReference; lastKnownFileType = text.plist.xml; path = Info.plist; sourceTree = "<group>"; };
		717B750B23DCFC590088BCD1 /* DemoSwiftUITests.xctest */ = {isa = PBXFileReference; explicitFileType = wrapper.cfbundle; includeInIndex = 0; path = DemoSwiftUITests.xctest; sourceTree = BUILT_PRODUCTS_DIR; };
		717B750F23DCFC590088BCD1 /* DemoSwiftUITests.swift */ = {isa = PBXFileReference; lastKnownFileType = sourcecode.swift; path = DemoSwiftUITests.swift; sourceTree = "<group>"; };
		717B751123DCFC590088BCD1 /* Info.plist */ = {isa = PBXFileReference; lastKnownFileType = text.plist.xml; path = Info.plist; sourceTree = "<group>"; };
		717B751623DCFC590088BCD1 /* DemoSwiftUIUITests.xctest */ = {isa = PBXFileReference; explicitFileType = wrapper.cfbundle; includeInIndex = 0; path = DemoSwiftUIUITests.xctest; sourceTree = BUILT_PRODUCTS_DIR; };
		717B751A23DCFC590088BCD1 /* DemoSwiftUIUITests.swift */ = {isa = PBXFileReference; lastKnownFileType = sourcecode.swift; path = DemoSwiftUIUITests.swift; sourceTree = "<group>"; };
		717B751C23DCFC590088BCD1 /* Info.plist */ = {isa = PBXFileReference; lastKnownFileType = text.plist.xml; path = Info.plist; sourceTree = "<group>"; };
/* End PBXFileReference section */

/* Begin PBXFrameworksBuildPhase section */
		717B74F223DCFC520088BCD1 /* Frameworks */ = {
			isa = PBXFrameworksBuildPhase;
			buildActionMask = 2147483647;
			files = (
			);
			runOnlyForDeploymentPostprocessing = 0;
		};
		717B750823DCFC590088BCD1 /* Frameworks */ = {
			isa = PBXFrameworksBuildPhase;
			buildActionMask = 2147483647;
			files = (
			);
			runOnlyForDeploymentPostprocessing = 0;
		};
		717B751323DCFC590088BCD1 /* Frameworks */ = {
			isa = PBXFrameworksBuildPhase;
			buildActionMask = 2147483647;
			files = (
			);
			runOnlyForDeploymentPostprocessing = 0;
		};
/* End PBXFrameworksBuildPhase section */

/* Begin PBXGroup section */
		717B74EC23DCFC520088BCD1 = {
			isa = PBXGroup;
			children = (
				717B74F723DCFC520088BCD1 /* DemoSwiftUI */,
				717B750E23DCFC590088BCD1 /* DemoSwiftUITests */,
				717B751923DCFC590088BCD1 /* DemoSwiftUIUITests */,
				717B74F623DCFC520088BCD1 /* Products */,
			);
			sourceTree = "<group>";
		};
		717B74F623DCFC520088BCD1 /* Products */ = {
			isa = PBXGroup;
			children = (
				717B74F523DCFC520088BCD1 /* DemoSwiftUI.app */,
				717B750B23DCFC590088BCD1 /* DemoSwiftUITests.xctest */,
				717B751623DCFC590088BCD1 /* DemoSwiftUIUITests.xctest */,
			);
			name = Products;
			sourceTree = "<group>";
		};
		717B74F723DCFC520088BCD1 /* DemoSwiftUI */ = {
			isa = PBXGroup;
			children = (
				717B74F823DCFC520088BCD1 /* AppDelegate.swift */,
				717B74FA23DCFC520088BCD1 /* SceneDelegate.swift */,
				717B74FC23DCFC520088BCD1 /* ContentView.swift */,
				717B74FE23DCFC580088BCD1 /* Assets.xcassets */,
				717B750323DCFC580088BCD1 /* LaunchScreen.storyboard */,
				717B750623DCFC580088BCD1 /* Info.plist */,
				717B750023DCFC580088BCD1 /* Preview Content */,
			);
			path = DemoSwiftUI;
			sourceTree = "<group>";
		};
		717B750023DCFC580088BCD1 /* Preview Content */ = {
			isa = PBXGroup;
			children = (
				717B750123DCFC580088BCD1 /* Preview Assets.xcassets */,
			);
			path = "Preview Content";
			sourceTree = "<group>";
		};
		717B750E23DCFC590088BCD1 /* DemoSwiftUITests */ = {
			isa = PBXGroup;
			children = (
				717B750F23DCFC590088BCD1 /* DemoSwiftUITests.swift */,
				717B751123DCFC590088BCD1 /* Info.plist */,
			);
			path = DemoSwiftUITests;
			sourceTree = "<group>";
		};
		717B751923DCFC590088BCD1 /* DemoSwiftUIUITests */ = {
			isa = PBXGroup;
			children = (
				717B751A23DCFC590088BCD1 /* DemoSwiftUIUITests.swift */,
				717B751C23DCFC590088BCD1 /* Info.plist */,
			);
			path = DemoSwiftUIUITests;
			sourceTree = "<group>";
		};
/* End PBXGroup section */

/* Begin PBXNativeTarget section */
		717B74F423DCFC520088BCD1 /* DemoSwiftUI */ = {
			isa = PBXNativeTarget;
			buildConfigurationList = 717B751F23DCFC590088BCD1 /* Build configuration list for PBXNativeTarget "DemoSwiftUI" */;
			buildPhases = (
				717B74F123DCFC520088BCD1 /* Sources */,
				717B74F223DCFC520088BCD1 /* Frameworks */,
				717B74F323DCFC520088BCD1 /* Resources */,
			);
			buildRules = (
			);
			dependencies = (
			);
			name = DemoSwiftUI;
			productName = DemoSwiftUI;
			productReference = 717B74F523DCFC520088BCD1 /* DemoSwiftUI.app */;
			productType = "com.apple.product-type.application";
		};
		717B750A23DCFC590088BCD1 /* DemoSwiftUITests */ = {
			isa = PBXNativeTarget;
			buildConfigurationList = 717B752223DCFC590088BCD1 /* Build configuration list for PBXNativeTarget "DemoSwiftUITests" */;
			buildPhases = (
				717B750723DCFC590088BCD1 /* Sources */,
				717B750823DCFC590088BCD1 /* Frameworks */,
				717B750923DCFC590088BCD1 /* Resources */,
			);
			buildRules = (
			);
			dependencies = (
				717B750D23DCFC590088BCD1 /* PBXTargetDependency */,
			);
			name = DemoSwiftUITests;
			productName = DemoSwiftUITests;
			productReference = 717B750B23DCFC590088BCD1 /* DemoSwiftUITests.xctest */;
			productType = "com.apple.product-type.bundle.unit-test";
		};
		717B751523DCFC590088BCD1 /* DemoSwiftUIUITests */ = {
			isa = PBXNativeTarget;
			buildConfigurationList = 717B752523DCFC590088BCD1 /* Build configuration list for PBXNativeTarget "DemoSwiftUIUITests" */;
			buildPhases = (
				717B751223DCFC590088BCD1 /* Sources */,
				717B751323DCFC590088BCD1 /* Frameworks */,
				717B751423DCFC590088BCD1 /* Resources */,
			);
			buildRules = (
			);
			dependencies = (
				717B751823DCFC590088BCD1 /* PBXTargetDependency */,
			);
			name = DemoSwiftUIUITests;
			productName = DemoSwiftUIUITests;
			productReference = 717B751623DCFC590088BCD1 /* DemoSwiftUIUITests.xctest */;
			productType = "com.apple.product-type.bundle.ui-testing";
		};
/* End PBXNativeTarget section */

/* Begin PBXProject section */
		717B74ED23DCFC520088BCD1 /* Project object */ = {
			isa = PBXProject;
			attributes = {
				LastSwiftUpdateCheck = 1120;
				LastUpgradeCheck = 1120;
				ORGANIZATIONNAME = "Angelo Polotto";
				TargetAttributes = {
					717B74F423DCFC520088BCD1 = {
						CreatedOnToolsVersion = 11.2.1;
					};
					717B750A23DCFC590088BCD1 = {
						CreatedOnToolsVersion = 11.2.1;
						TestTargetID = 717B74F423DCFC520088BCD1;
					};
					717B751523DCFC590088BCD1 = {
						CreatedOnToolsVersion = 11.2.1;
						TestTargetID = 717B74F423DCFC520088BCD1;
					};
				};
			};
			buildConfigurationList = 717B74F023DCFC520088BCD1 /* Build configuration list for PBXProject "DemoSwiftUI" */;
			compatibilityVersion = "Xcode 9.3";
			developmentRegion = en;
			hasScannedForEncodings = 0;
			knownRegions = (
				en,
				Base,
			);
			mainGroup = 717B74EC23DCFC520088BCD1;
			productRefGroup = 717B74F623DCFC520088BCD1 /* Products */;
			projectDirPath = "";
			projectRoot = "";
			targets = (
				717B74F423DCFC520088BCD1 /* DemoSwiftUI */,
				717B750A23DCFC590088BCD1 /* DemoSwiftUITests */,
				717B751523DCFC590088BCD1 /* DemoSwiftUIUITests */,
			);
		};
/* End PBXProject section */

/* Begin PBXResourcesBuildPhase section */
		717B74F323DCFC520088BCD1 /* Resources */ = {
			isa = PBXResourcesBuildPhase;
			buildActionMask = 2147483647;
			files = (
				717B750523DCFC580088BCD1 /* LaunchScreen.storyboard in Resources */,
				717B750223DCFC580088BCD1 /* Preview Assets.xcassets in Resources */,
				717B74FF23DCFC580088BCD1 /* Assets.xcassets in Resources */,
			);
			runOnlyForDeploymentPostprocessing = 0;
		};
		717B750923DCFC590088BCD1 /* Resources */ = {
			isa = PBXResourcesBuildPhase;
			buildActionMask = 2147483647;
			files = (
			);
			runOnlyForDeploymentPostprocessing = 0;
		};
		717B751423DCFC590088BCD1 /* Resources */ = {
			isa = PBXResourcesBuildPhase;
			buildActionMask = 2147483647;
			files = (
			);
			runOnlyForDeploymentPostprocessing = 0;
		};
/* End PBXResourcesBuildPhase section */

/* Begin PBXSourcesBuildPhase section */
		717B74F123DCFC520088BCD1 /* Sources */ = {
			isa = PBXSourcesBuildPhase;
			buildActionMask = 2147483647;
			files = (
				717B74F923DCFC520088BCD1 /* AppDelegate.swift in Sources */,
				717B74FB23DCFC520088BCD1 /* SceneDelegate.swift in Sources */,
				717B74FD23DCFC520088BCD1 /* ContentView.swift in Sources */,
			);
			runOnlyForDeploymentPostprocessing = 0;
		};
		717B750723DCFC590088BCD1 /* Sources */ = {
			isa = PBXSourcesBuildPhase;
			buildActionMask = 2147483647;
			files = (
				717B751023DCFC590088BCD1 /* DemoSwiftUITests.swift in Sources */,
			);
			runOnlyForDeploymentPostprocessing = 0;
		};
		717B751223DCFC590088BCD1 /* Sources */ = {
			isa = PBXSourcesBuildPhase;
			buildActionMask = 2147483647;
			files = (
				717B751B23DCFC590088BCD1 /* DemoSwiftUIUITests.swift in Sources */,
			);
			runOnlyForDeploymentPostprocessing = 0;
		};
/* End PBXSourcesBuildPhase section */

/* Begin PBXTargetDependency section */
		717B750D23DCFC590088BCD1 /* PBXTargetDependency */ = {
			isa = PBXTargetDependency;
			target = 717B74F423DCFC520088BCD1 /* DemoSwiftUI */;
			targetProxy = 717B750C23DCFC590088BCD1 /* PBXContainerItemProxy */;
		};
		717B751823DCFC590088BCD1 /* PBXTargetDependency */ = {
			isa = PBXTargetDependency;
			target = 717B74F423DCFC520088BCD1 /* DemoSwiftUI */;
			targetProxy = 717B751723DCFC590088BCD1 /* PBXContainerItemProxy */;
		};
/* End PBXTargetDependency section */

/* Begin PBXVariantGroup section */
		717B750323DCFC580088BCD1 /* LaunchScreen.storyboard */ = {
			isa = PBXVariantGroup;
			children = (
				717B750423DCFC580088BCD1 /* Base */,
			);
			name = LaunchScreen.storyboard;
			sourceTree = "<group>";
		};
/* End PBXVariantGroup section */

/* Begin XCBuildConfiguration section */
		717B751D23DCFC590088BCD1 /* Debug */ = {
			isa = XCBuildConfiguration;
			buildSettings = {
				ALWAYS_SEARCH_USER_PATHS = NO;
				CLANG_ANALYZER_NONNULL = YES;
				CLANG_ANALYZER_NUMBER_OBJECT_CONVERSION = YES_AGGRESSIVE;
				CLANG_CXX_LANGUAGE_STANDARD = "gnu++14";
				CLANG_CXX_LIBRARY = "libc++";
				CLANG_ENABLE_MODULES = YES;
				CLANG_ENABLE_OBJC_ARC = YES;
				CLANG_ENABLE_OBJC_WEAK = YES;
				CLANG_WARN_BLOCK_CAPTURE_AUTORELEASING = YES;
				CLANG_WARN_BOOL_CONVERSION = YES;
				CLANG_WARN_COMMA = YES;
				CLANG_WARN_CONSTANT_CONVERSION = YES;
				CLANG_WARN_DEPRECATED_OBJC_IMPLEMENTATIONS = YES;
				CLANG_WARN_DIRECT_OBJC_ISA_USAGE = YES_ERROR;
				CLANG_WARN_DOCUMENTATION_COMMENTS = YES;
				CLANG_WARN_EMPTY_BODY = YES;
				CLANG_WARN_ENUM_CONVERSION = YES;
				CLANG_WARN_INFINITE_RECURSION = YES;
				CLANG_WARN_INT_CONVERSION = YES;
				CLANG_WARN_NON_LITERAL_NULL_CONVERSION = YES;
				CLANG_WARN_OBJC_IMPLICIT_RETAIN_SELF = YES;
				CLANG_WARN_OBJC_LITERAL_CONVERSION = YES;
				CLANG_WARN_OBJC_ROOT_CLASS = YES_ERROR;
				CLANG_WARN_RANGE_LOOP_ANALYSIS = YES;
				CLANG_WARN_STRICT_PROTOTYPES = YES;
				CLANG_WARN_SUSPICIOUS_MOVE = YES;
				CLANG_WARN_UNGUARDED_AVAILABILITY = YES_AGGRESSIVE;
				CLANG_WARN_UNREACHABLE_CODE = YES;
				CLANG_WARN__DUPLICATE_METHOD_MATCH = YES;
				COPY_PHASE_STRIP = NO;
				DEBUG_INFORMATION_FORMAT = dwarf;
				ENABLE_STRICT_OBJC_MSGSEND = YES;
				ENABLE_TESTABILITY = YES;
				GCC_C_LANGUAGE_STANDARD = gnu11;
				GCC_DYNAMIC_NO_PIC = NO;
				GCC_NO_COMMON_BLOCKS = YES;
				GCC_OPTIMIZATION_LEVEL = 0;
				GCC_PREPROCESSOR_DEFINITIONS = (
					"DEBUG=1",
					"$(inherited)",
				);
				GCC_WARN_64_TO_32_BIT_CONVERSION = YES;
				GCC_WARN_ABOUT_RETURN_TYPE = YES_ERROR;
				GCC_WARN_UNDECLARED_SELECTOR = YES;
				GCC_WARN_UNINITIALIZED_AUTOS = YES_AGGRESSIVE;
				GCC_WARN_UNUSED_FUNCTION = YES;
				GCC_WARN_UNUSED_VARIABLE = YES;
				IPHONEOS_DEPLOYMENT_TARGET = 13.2;
				MTL_ENABLE_DEBUG_INFO = INCLUDE_SOURCE;
				MTL_FAST_MATH = YES;
				ONLY_ACTIVE_ARCH = YES;
				SDKROOT = iphoneos;
				SWIFT_ACTIVE_COMPILATION_CONDITIONS = DEBUG;
				SWIFT_OPTIMIZATION_LEVEL = "-Onone";
			};
			name = Debug;
		};
		717B751E23DCFC590088BCD1 /* Release */ = {
			isa = XCBuildConfiguration;
			buildSettings = {
				ALWAYS_SEARCH_USER_PATHS = NO;
				CLANG_ANALYZER_NONNULL = YES;
				CLANG_ANALYZER_NUMBER_OBJECT_CONVERSION = YES_AGGRESSIVE;
				CLANG_CXX_LANGUAGE_STANDARD = "gnu++14";
				CLANG_CXX_LIBRARY = "libc++";
				CLANG_ENABLE_MODULES = YES;
				CLANG_ENABLE_OBJC_ARC = YES;
				CLANG_ENABLE_OBJC_WEAK = YES;
				CLANG_WARN_BLOCK_CAPTURE_AUTORELEASING = YES;
				CLANG_WARN_BOOL_CONVERSION = YES;
				CLANG_WARN_COMMA = YES;
				CLANG_WARN_CONSTANT_CONVERSION = YES;
				CLANG_WARN_DEPRECATED_OBJC_IMPLEMENTATIONS = YES;
				CLANG_WARN_DIRECT_OBJC_ISA_USAGE = YES_ERROR;
				CLANG_WARN_DOCUMENTATION_COMMENTS = YES;
				CLANG_WARN_EMPTY_BODY = YES;
				CLANG_WARN_ENUM_CONVERSION = YES;
				CLANG_WARN_INFINITE_RECURSION = YES;
				CLANG_WARN_INT_CONVERSION = YES;
				CLANG_WARN_NON_LITERAL_NULL_CONVERSION = YES;
				CLANG_WARN_OBJC_IMPLICIT_RETAIN_SELF = YES;
				CLANG_WARN_OBJC_LITERAL_CONVERSION = YES;
				CLANG_WARN_OBJC_ROOT_CLASS = YES_ERROR;
				CLANG_WARN_RANGE_LOOP_ANALYSIS = YES;
				CLANG_WARN_STRICT_PROTOTYPES = YES;
				CLANG_WARN_SUSPICIOUS_MOVE = YES;
				CLANG_WARN_UNGUARDED_AVAILABILITY = YES_AGGRESSIVE;
				CLANG_WARN_UNREACHABLE_CODE = YES;
				CLANG_WARN__DUPLICATE_METHOD_MATCH = YES;
				COPY_PHASE_STRIP = NO;
				DEBUG_INFORMATION_FORMAT = "dwarf-with-dsym";
				ENABLE_NS_ASSERTIONS = NO;
				ENABLE_STRICT_OBJC_MSGSEND = YES;
				GCC_C_LANGUAGE_STANDARD = gnu11;
				GCC_NO_COMMON_BLOCKS = YES;
				GCC_WARN_64_TO_32_BIT_CONVERSION = YES;
				GCC_WARN_ABOUT_RETURN_TYPE = YES_ERROR;
				GCC_WARN_UNDECLARED_SELECTOR = YES;
				GCC_WARN_UNINITIALIZED_AUTOS = YES_AGGRESSIVE;
				GCC_WARN_UNUSED_FUNCTION = YES;
				GCC_WARN_UNUSED_VARIABLE = YES;
				IPHONEOS_DEPLOYMENT_TARGET = 13.2;
				MTL_ENABLE_DEBUG_INFO = NO;
				MTL_FAST_MATH = YES;
				SDKROOT = iphoneos;
				SWIFT_COMPILATION_MODE = wholemodule;
				SWIFT_OPTIMIZATION_LEVEL = "-O";
				VALIDATE_PRODUCT = YES;
			};
			name = Release;
		};
		717B752023DCFC590088BCD1 /* Debug */ = {
			isa = XCBuildConfiguration;
			buildSettings = {
				ASSETCATALOG_COMPILER_APPICON_NAME = AppIcon;
				CODE_SIGN_STYLE = Automatic;
				DEVELOPMENT_ASSET_PATHS = "\"DemoSwiftUI/Preview Content\"";
				ENABLE_PREVIEWS = YES;
				INFOPLIST_FILE = DemoSwiftUI/Info.plist;
				LD_RUNPATH_SEARCH_PATHS = (
					"$(inherited)",
					"@executable_path/Frameworks",
				);
				PRODUCT_BUNDLE_IDENTIFIER = dev.polotto.DemoSwiftUI;
				PRODUCT_NAME = "$(TARGET_NAME)";
				SWIFT_VERSION = 5.0;
				TARGETED_DEVICE_FAMILY = "1,2";
			};
			name = Debug;
		};
		717B752123DCFC590088BCD1 /* Release */ = {
			isa = XCBuildConfiguration;
			buildSettings = {
				ASSETCATALOG_COMPILER_APPICON_NAME = AppIcon;
				CODE_SIGN_STYLE = Automatic;
				DEVELOPMENT_ASSET_PATHS = "\"DemoSwiftUI/Preview Content\"";
				ENABLE_PREVIEWS = YES;
				INFOPLIST_FILE = DemoSwiftUI/Info.plist;
				LD_RUNPATH_SEARCH_PATHS = (
					"$(inherited)",
					"@executable_path/Frameworks",
				);
				PRODUCT_BUNDLE_IDENTIFIER = dev.polotto.DemoSwiftUI;
				PRODUCT_NAME = "$(TARGET_NAME)";
				SWIFT_VERSION = 5.0;
				TARGETED_DEVICE_FAMILY = "1,2";
			};
			name = Release;
		};
		717B752323DCFC590088BCD1 /* Debug */ = {
			isa = XCBuildConfiguration;
			buildSettings = {
				ALWAYS_EMBED_SWIFT_STANDARD_LIBRARIES = YES;
				BUNDLE_LOADER = "$(TEST_HOST)";
				CODE_SIGN_STYLE = Automatic;
				INFOPLIST_FILE = DemoSwiftUITests/Info.plist;
				IPHONEOS_DEPLOYMENT_TARGET = 13.2;
				LD_RUNPATH_SEARCH_PATHS = (
					"$(inherited)",
					"@executable_path/Frameworks",
					"@loader_path/Frameworks",
				);
				PRODUCT_BUNDLE_IDENTIFIER = dev.polotto.DemoSwiftUITests;
				PRODUCT_NAME = "$(TARGET_NAME)";
				SWIFT_VERSION = 5.0;
				TARGETED_DEVICE_FAMILY = "1,2";
				TEST_HOST = "$(BUILT_PRODUCTS_DIR)/DemoSwiftUI.app/DemoSwiftUI";
			};
			name = Debug;
		};
		717B752423DCFC590088BCD1 /* Release */ = {
			isa = XCBuildConfiguration;
			buildSettings = {
				ALWAYS_EMBED_SWIFT_STANDARD_LIBRARIES = YES;
				BUNDLE_LOADER = "$(TEST_HOST)";
				CODE_SIGN_STYLE = Automatic;
				INFOPLIST_FILE = DemoSwiftUITests/Info.plist;
				IPHONEOS_DEPLOYMENT_TARGET = 13.2;
				LD_RUNPATH_SEARCH_PATHS = (
					"$(inherited)",
					"@executable_path/Frameworks",
					"@loader_path/Frameworks",
				);
				PRODUCT_BUNDLE_IDENTIFIER = dev.polotto.DemoSwiftUITests;
				PRODUCT_NAME = "$(TARGET_NAME)";
				SWIFT_VERSION = 5.0;
				TARGETED_DEVICE_FAMILY = "1,2";
				TEST_HOST = "$(BUILT_PRODUCTS_DIR)/DemoSwiftUI.app/DemoSwiftUI";
			};
			name = Release;
		};
		717B752623DCFC590088BCD1 /* Debug */ = {
			isa = XCBuildConfiguration;
			buildSettings = {
				ALWAYS_EMBED_SWIFT_STANDARD_LIBRARIES = YES;
				CODE_SIGN_STYLE = Automatic;
				INFOPLIST_FILE = DemoSwiftUIUITests/Info.plist;
				LD_RUNPATH_SEARCH_PATHS = (
					"$(inherited)",
					"@executable_path/Frameworks",
					"@loader_path/Frameworks",
				);
				PRODUCT_BUNDLE_IDENTIFIER = dev.polotto.DemoSwiftUIUITests;
				PRODUCT_NAME = "$(TARGET_NAME)";
				SWIFT_VERSION = 5.0;
				TARGETED_DEVICE_FAMILY = "1,2";
				TEST_TARGET_NAME = DemoSwiftUI;
			};
			name = Debug;
		};
		717B752723DCFC590088BCD1 /* Release */ = {
			isa = XCBuildConfiguration;
			buildSettings = {
				ALWAYS_EMBED_SWIFT_STANDARD_LIBRARIES = YES;
				CODE_SIGN_STYLE = Automatic;
				INFOPLIST_FILE = DemoSwiftUIUITests/Info.plist;
				LD_RUNPATH_SEARCH_PATHS = (
					"$(inherited)",
					"@executable_path/Frameworks",
					"@loader_path/Frameworks",
				);
				PRODUCT_BUNDLE_IDENTIFIER = dev.polotto.DemoSwiftUIUITests;
				PRODUCT_NAME = "$(TARGET_NAME)";
				SWIFT_VERSION = 5.0;
				TARGETED_DEVICE_FAMILY = "1,2";
				TEST_TARGET_NAME = DemoSwiftUI;
			};
			name = Release;
		};
/* End XCBuildConfiguration section */

/* Begin XCConfigurationList section */
		717B74F023DCFC520088BCD1 /* Build configuration list for PBXProject "DemoSwiftUI" */ = {
			isa = XCConfigurationList;
			buildConfigurations = (
				717B751D23DCFC590088BCD1 /* Debug */,
				717B751E23DCFC590088BCD1 /* Release */,
			);
			defaultConfigurationIsVisible = 0;
			defaultConfigurationName = Release;
		};
		717B751F23DCFC590088BCD1 /* Build configuration list for PBXNativeTarget "DemoSwiftUI" */ = {
			isa = XCConfigurationList;
			buildConfigurations = (
				717B752023DCFC590088BCD1 /* Debug */,
				717B752123DCFC590088BCD1 /* Release */,
			);
			defaultConfigurationIsVisible = 0;
			defaultConfigurationName = Release;
		};
		717B752223DCFC590088BCD1 /* Build configuration list for PBXNativeTarget "DemoSwiftUITests" */ = {
			isa = XCConfigurationList;
			buildConfigurations = (
				717B752323DCFC590088BCD1 /* Debug */,
				717B752423DCFC590088BCD1 /* Release */,
			);
			defaultConfigurationIsVisible = 0;
			defaultConfigurationName = Release;
		};
		717B752523DCFC590088BCD1 /* Build configuration list for PBXNativeTarget "DemoSwiftUIUITests" */ = {
			isa = XCConfigurationList;
			buildConfigurations = (
				717B752623DCFC590088BCD1 /* Debug */,
				717B752723DCFC590088BCD1 /* Release */,
			);
			defaultConfigurationIsVisible = 0;
			defaultConfigurationName = Release;
		};
/* End XCConfigurationList section */
	};
	rootObject = 717B74ED23DCFC520088BCD1 /* Project object */;
}
